{
	"name": "papupata-openapi-generator",
	"version": "0.1.0",
	"lockfileVersion": 1,
	"requires": true,
	"dependencies": {
		"@types/node": {
			"version": "14.17.14",
			"resolved": "https://registry.npmjs.org/@types/node/-/node-14.17.14.tgz",
			"integrity": "sha512-rsAj2u8Xkqfc332iXV12SqIsjVi07H479bOP4q94NAcjzmAvapumEhuVIt53koEf7JFrpjgNKjBga5Pnn/GL8A==",
			"dev": true
		},
		"typescript": {
			"version": "4.3.2",
			"resolved": "https://registry.npmjs.org/typescript/-/typescript-4.3.2.tgz",
			"integrity": "sha512-zZ4hShnmnoVnAHpVHWpTcxdv7dWP60S2FsydQLV8V5PbS3FifjWFFRiHSWpDJahly88PRyV5teTSLoq4eG7mKw==",
			"dev": true
		}
	}
}
